
Microsoft Visual Studio Solution File, Format Version 12.00
# Visual Studio Version 17
VisualStudioVersion = 17.3.32922.545
MinimumVisualStudioVersion = 10.0.40219.1
Project("{FAE04EC0-301F-11D3-BF4B-00C04F79EFBC}") = "Bai2", "Bai2\Bai2.csproj", "{67975FA4-ABC9-4314-8DB3-0EB3502425D1}"
EndProject
Global
	GlobalSection(SolutionConfigurationPlatforms) = preSolution
		Debug|Any CPU = Debug|Any CPU
		Release|Any CPU = Release|Any CPU
	EndGlobalSection
	GlobalSection(ProjectConfigurationPlatforms) = postSolution
		{67975FA4-ABC9-4314-8DB3-0EB3502425D1}.Debug|Any CPU.ActiveCfg = Debug|Any CPU
		{67975FA4-ABC9-4314-8DB3-0EB3502425D1}.Debug|Any CPU.Build.0 = Debug|Any CPU
		{67975FA4-ABC9-4314-8DB3-0EB3502425D1}.Release|Any CPU.ActiveCfg = Release|Any CPU
		{67975FA4-ABC9-4314-8DB3-0EB3502425D1}.Release|Any CPU.Build.0 = Release|Any CPU
	EndGlobalSection
	GlobalSection(SolutionProperties) = preSolution
		HideSolutionNode = FALSE
	EndGlobalSection
	GlobalSection(ExtensibilityGlobals) = postSolution
		SolutionGuid = {AE38FF81-D1B6-4F8D-9A5F-178900DEF68C}
	EndGlobalSection
EndGlobal
