
Microsoft Visual Studio Solution File, Format Version 12.00
# Visual Studio Version 16
VisualStudioVersion = 16.0.32602.291
MinimumVisualStudioVersion = 10.0.40219.1
Project("{FAE04EC0-301F-11D3-BF4B-00C04F79EFBC}") = "RebbonAdd", "RebbonAdd\RebbonAdd.csproj", "{1BFE135E-D1E5-485D-BB51-24E894A94A53}"
EndProject
Global
	GlobalSection(SolutionConfigurationPlatforms) = preSolution
		Debug|Any CPU = Debug|Any CPU
		Release|Any CPU = Release|Any CPU
	EndGlobalSection
	GlobalSection(ProjectConfigurationPlatforms) = postSolution
		{1BFE135E-D1E5-485D-BB51-24E894A94A53}.Debug|Any CPU.ActiveCfg = Debug|Any CPU
		{1BFE135E-D1E5-485D-BB51-24E894A94A53}.Debug|Any CPU.Build.0 = Debug|Any CPU
		{1BFE135E-D1E5-485D-BB51-24E894A94A53}.Release|Any CPU.ActiveCfg = Release|Any CPU
		{1BFE135E-D1E5-485D-BB51-24E894A94A53}.Release|Any CPU.Build.0 = Release|Any CPU
	EndGlobalSection
	GlobalSection(SolutionProperties) = preSolution
		HideSolutionNode = FALSE
	EndGlobalSection
	GlobalSection(ExtensibilityGlobals) = postSolution
		SolutionGuid = {90494706-BB72-4276-9B93-04CE0C79C793}
	EndGlobalSection
EndGlobal
