
Microsoft Visual Studio Solution File, Format Version 12.00
# Visual Studio Version 17
VisualStudioVersion = 17.7.34003.232
MinimumVisualStudioVersion = 10.0.40219.1
Project("{FAE04EC0-301F-11D3-BF4B-00C04F79EFBC}") = "Bai_1", "Bai_1\Bai_1.csproj", "{B4096624-7288-4E29-B35B-0DD315432F3D}"
EndProject
Project("{FAE04EC0-301F-11D3-BF4B-00C04F79EFBC}") = "Bai_2", "Bai_2\Bai_2.csproj", "{F8BD1EA3-8492-4F61-AC5D-DE54F3B8CF85}"
EndProject
Project("{FAE04EC0-301F-11D3-BF4B-00C04F79EFBC}") = "Bai_3", "Bai_3\Bai_3.csproj", "{429C7F54-1B92-48A8-8D0F-240314D308F4}"
EndProject
Global
	GlobalSection(SolutionConfigurationPlatforms) = preSolution
		Debug|Any CPU = Debug|Any CPU
		Release|Any CPU = Release|Any CPU
	EndGlobalSection
	GlobalSection(ProjectConfigurationPlatforms) = postSolution
		{B4096624-7288-4E29-B35B-0DD315432F3D}.Debug|Any CPU.ActiveCfg = Debug|Any CPU
		{B4096624-7288-4E29-B35B-0DD315432F3D}.Debug|Any CPU.Build.0 = Debug|Any CPU
		{B4096624-7288-4E29-B35B-0DD315432F3D}.Release|Any CPU.ActiveCfg = Release|Any CPU
		{B4096624-7288-4E29-B35B-0DD315432F3D}.Release|Any CPU.Build.0 = Release|Any CPU
		{F8BD1EA3-8492-4F61-AC5D-DE54F3B8CF85}.Debug|Any CPU.ActiveCfg = Debug|Any CPU
		{F8BD1EA3-8492-4F61-AC5D-DE54F3B8CF85}.Debug|Any CPU.Build.0 = Debug|Any CPU
		{F8BD1EA3-8492-4F61-AC5D-DE54F3B8CF85}.Release|Any CPU.ActiveCfg = Release|Any CPU
		{F8BD1EA3-8492-4F61-AC5D-DE54F3B8CF85}.Release|Any CPU.Build.0 = Release|Any CPU
		{429C7F54-1B92-48A8-8D0F-240314D308F4}.Debug|Any CPU.ActiveCfg = Debug|Any CPU
		{429C7F54-1B92-48A8-8D0F-240314D308F4}.Debug|Any CPU.Build.0 = Debug|Any CPU
		{429C7F54-1B92-48A8-8D0F-240314D308F4}.Release|Any CPU.ActiveCfg = Release|Any CPU
		{429C7F54-1B92-48A8-8D0F-240314D308F4}.Release|Any CPU.Build.0 = Release|Any CPU
	EndGlobalSection
	GlobalSection(SolutionProperties) = preSolution
		HideSolutionNode = FALSE
	EndGlobalSection
	GlobalSection(ExtensibilityGlobals) = postSolution
		SolutionGuid = {AF685A02-2373-4517-B4EA-38577BF03C68}
	EndGlobalSection
EndGlobal
