
Microsoft Visual Studio Solution File, Format Version 12.00
# Visual Studio Version 16
VisualStudioVersion = 16.0.32602.291
MinimumVisualStudioVersion = 10.0.40219.1
Project("{FAE04EC0-301F-11D3-BF4B-00C04F79EFBC}") = "Hastable-Co-Ban", "C_Co_Ban\Hastable-Co-Ban.csproj", "{DD45EADE-902C-4F2B-9A5F-B1123CA6B203}"
EndProject
Project("{FAE04EC0-301F-11D3-BF4B-00C04F79EFBC}") = "Stack-List", "Stack-List\Stack-List.csproj", "{C77D33F8-8117-4611-8930-183871692123}"
EndProject
Project("{FAE04EC0-301F-11D3-BF4B-00C04F79EFBC}") = "Array-List-Co-Ban", "ArrayList\Array-List-Co-Ban.csproj", "{4D1509C7-408C-4250-AF47-4B094E1AB326}"
EndProject
Project("{FAE04EC0-301F-11D3-BF4B-00C04F79EFBC}") = "Vi-Du-LinQ", "Vi-Du-LinQ\Vi-Du-LinQ.csproj", "{AE9D30C2-1865-41CD-9B74-ABCD942B028F}"
EndProject
Project("{FAE04EC0-301F-11D3-BF4B-00C04F79EFBC}") = "Vi-Du-Regular-Expression", "Vi-Du-Regular-Expression\Vi-Du-Regular-Expression.csproj", "{93C6D711-F4BA-425F-9CB2-7B03B6FD5717}"
EndProject
Project("{FAE04EC0-301F-11D3-BF4B-00C04F79EFBC}") = "Vi-Du-Exception", "Vi-Du-Exception\Vi-Du-Exception.csproj", "{DCD4113E-23D8-4316-B4E4-46DC5CB6C6C9}"
EndProject
Global
	GlobalSection(SolutionConfigurationPlatforms) = preSolution
		Debug|Any CPU = Debug|Any CPU
		Release|Any CPU = Release|Any CPU
	EndGlobalSection
	GlobalSection(ProjectConfigurationPlatforms) = postSolution
		{DD45EADE-902C-4F2B-9A5F-B1123CA6B203}.Debug|Any CPU.ActiveCfg = Debug|Any CPU
		{DD45EADE-902C-4F2B-9A5F-B1123CA6B203}.Debug|Any CPU.Build.0 = Debug|Any CPU
		{DD45EADE-902C-4F2B-9A5F-B1123CA6B203}.Release|Any CPU.ActiveCfg = Release|Any CPU
		{DD45EADE-902C-4F2B-9A5F-B1123CA6B203}.Release|Any CPU.Build.0 = Release|Any CPU
		{C77D33F8-8117-4611-8930-183871692123}.Debug|Any CPU.ActiveCfg = Debug|Any CPU
		{C77D33F8-8117-4611-8930-183871692123}.Debug|Any CPU.Build.0 = Debug|Any CPU
		{C77D33F8-8117-4611-8930-183871692123}.Release|Any CPU.ActiveCfg = Release|Any CPU
		{C77D33F8-8117-4611-8930-183871692123}.Release|Any CPU.Build.0 = Release|Any CPU
		{4D1509C7-408C-4250-AF47-4B094E1AB326}.Debug|Any CPU.ActiveCfg = Debug|Any CPU
		{4D1509C7-408C-4250-AF47-4B094E1AB326}.Debug|Any CPU.Build.0 = Debug|Any CPU
		{4D1509C7-408C-4250-AF47-4B094E1AB326}.Release|Any CPU.ActiveCfg = Release|Any CPU
		{4D1509C7-408C-4250-AF47-4B094E1AB326}.Release|Any CPU.Build.0 = Release|Any CPU
		{AE9D30C2-1865-41CD-9B74-ABCD942B028F}.Debug|Any CPU.ActiveCfg = Debug|Any CPU
		{AE9D30C2-1865-41CD-9B74-ABCD942B028F}.Debug|Any CPU.Build.0 = Debug|Any CPU
		{AE9D30C2-1865-41CD-9B74-ABCD942B028F}.Release|Any CPU.ActiveCfg = Release|Any CPU
		{AE9D30C2-1865-41CD-9B74-ABCD942B028F}.Release|Any CPU.Build.0 = Release|Any CPU
		{93C6D711-F4BA-425F-9CB2-7B03B6FD5717}.Debug|Any CPU.ActiveCfg = Debug|Any CPU
		{93C6D711-F4BA-425F-9CB2-7B03B6FD5717}.Debug|Any CPU.Build.0 = Debug|Any CPU
		{93C6D711-F4BA-425F-9CB2-7B03B6FD5717}.Release|Any CPU.ActiveCfg = Release|Any CPU
		{93C6D711-F4BA-425F-9CB2-7B03B6FD5717}.Release|Any CPU.Build.0 = Release|Any CPU
		{DCD4113E-23D8-4316-B4E4-46DC5CB6C6C9}.Debug|Any CPU.ActiveCfg = Debug|Any CPU
		{DCD4113E-23D8-4316-B4E4-46DC5CB6C6C9}.Debug|Any CPU.Build.0 = Debug|Any CPU
		{DCD4113E-23D8-4316-B4E4-46DC5CB6C6C9}.Release|Any CPU.ActiveCfg = Release|Any CPU
		{DCD4113E-23D8-4316-B4E4-46DC5CB6C6C9}.Release|Any CPU.Build.0 = Release|Any CPU
	EndGlobalSection
	GlobalSection(SolutionProperties) = preSolution
		HideSolutionNode = FALSE
	EndGlobalSection
	GlobalSection(ExtensibilityGlobals) = postSolution
		SolutionGuid = {18B444AF-2560-480E-A7EE-AD46C77C262B}
	EndGlobalSection
EndGlobal
