
Microsoft Visual Studio Solution File, Format Version 12.00
# Visual Studio Version 16
VisualStudioVersion = 16.0.32602.291
MinimumVisualStudioVersion = 10.0.40219.1
Project("{FAE04EC0-301F-11D3-BF4B-00C04F79EFBC}") = "Vi-Du-ArrayList", "Vi-Du-ArrayList\Vi-Du-ArrayList.csproj", "{2767FD14-584C-4438-8E77-81C32D4B3DAD}"
EndProject
Global
	GlobalSection(SolutionConfigurationPlatforms) = preSolution
		Debug|Any CPU = Debug|Any CPU
		Release|Any CPU = Release|Any CPU
	EndGlobalSection
	GlobalSection(ProjectConfigurationPlatforms) = postSolution
		{2767FD14-584C-4438-8E77-81C32D4B3DAD}.Debug|Any CPU.ActiveCfg = Debug|Any CPU
		{2767FD14-584C-4438-8E77-81C32D4B3DAD}.Debug|Any CPU.Build.0 = Debug|Any CPU
		{2767FD14-584C-4438-8E77-81C32D4B3DAD}.Release|Any CPU.ActiveCfg = Release|Any CPU
		{2767FD14-584C-4438-8E77-81C32D4B3DAD}.Release|Any CPU.Build.0 = Release|Any CPU
	EndGlobalSection
	GlobalSection(SolutionProperties) = preSolution
		HideSolutionNode = FALSE
	EndGlobalSection
	GlobalSection(ExtensibilityGlobals) = postSolution
		SolutionGuid = {3BCC25CF-8CBF-4627-A712-7623311B757D}
	EndGlobalSection
EndGlobal
