
Microsoft Visual Studio Solution File, Format Version 12.00
# Visual Studio Version 17
VisualStudioVersion = 17.5.33502.453
MinimumVisualStudioVersion = 10.0.40219.1
Project("{FAE04EC0-301F-11D3-BF4B-00C04F79EFBC}") = "NguyenVanViet", "NguyenVanViet.csproj", "{AB41A3AD-3B69-4248-B91C-42EC321E898B}"
EndProject
Global
	GlobalSection(SolutionConfigurationPlatforms) = preSolution
		Debug|Any CPU = Debug|Any CPU
		Release|Any CPU = Release|Any CPU
	EndGlobalSection
	GlobalSection(ProjectConfigurationPlatforms) = postSolution
		{AB41A3AD-3B69-4248-B91C-42EC321E898B}.Debug|Any CPU.ActiveCfg = Debug|Any CPU
		{AB41A3AD-3B69-4248-B91C-42EC321E898B}.Debug|Any CPU.Build.0 = Debug|Any CPU
		{AB41A3AD-3B69-4248-B91C-42EC321E898B}.Release|Any CPU.ActiveCfg = Release|Any CPU
		{AB41A3AD-3B69-4248-B91C-42EC321E898B}.Release|Any CPU.Build.0 = Release|Any CPU
	EndGlobalSection
	GlobalSection(SolutionProperties) = preSolution
		HideSolutionNode = FALSE
	EndGlobalSection
	GlobalSection(ExtensibilityGlobals) = postSolution
		SolutionGuid = {E915E2C7-93C2-49FC-8879-83254D479980}
	EndGlobalSection
EndGlobal
