
Microsoft Visual Studio Solution File, Format Version 12.00
# Visual Studio Version 17
VisualStudioVersion = 17.5.33502.453
MinimumVisualStudioVersion = 10.0.40219.1
Project("{FAE04EC0-301F-11D3-BF4B-00C04F79EFBC}") = "CreateColumnApi", "CreateColumnApi.csproj", "{6AE331A9-F4F8-45AD-97C9-C35124711245}"
EndProject
Global
	GlobalSection(SolutionConfigurationPlatforms) = preSolution
		Debug|Any CPU = Debug|Any CPU
		Release|Any CPU = Release|Any CPU
	EndGlobalSection
	GlobalSection(ProjectConfigurationPlatforms) = postSolution
		{6AE331A9-F4F8-45AD-97C9-C35124711245}.Debug|Any CPU.ActiveCfg = Debug|Any CPU
		{6AE331A9-F4F8-45AD-97C9-C35124711245}.Debug|Any CPU.Build.0 = Debug|Any CPU
		{6AE331A9-F4F8-45AD-97C9-C35124711245}.Release|Any CPU.ActiveCfg = Release|Any CPU
		{6AE331A9-F4F8-45AD-97C9-C35124711245}.Release|Any CPU.Build.0 = Release|Any CPU
	EndGlobalSection
	GlobalSection(SolutionProperties) = preSolution
		HideSolutionNode = FALSE
	EndGlobalSection
	GlobalSection(ExtensibilityGlobals) = postSolution
		SolutionGuid = {F5797B5D-66D7-4D88-8F95-8E8032EFDD53}
	EndGlobalSection
EndGlobal
