
Microsoft Visual Studio Solution File, Format Version 12.00
# Visual Studio 15
VisualStudioVersion = 15.0.33423.255
MinimumVisualStudioVersion = 10.0.40219.1
Project("{FAE04EC0-301F-11D3-BF4B-00C04F79EFBC}") = "bt", "Bai_1\bt.csproj", "{4D7FFBBE-7DB7-442B-A09D-8CD36E3A188C}"
EndProject
Global
	GlobalSection(SolutionConfigurationPlatforms) = preSolution
		Debug|Any CPU = Debug|Any CPU
		Release|Any CPU = Release|Any CPU
	EndGlobalSection
	GlobalSection(ProjectConfigurationPlatforms) = postSolution
		{4D7FFBBE-7DB7-442B-A09D-8CD36E3A188C}.Debug|Any CPU.ActiveCfg = Debug|Any CPU
		{4D7FFBBE-7DB7-442B-A09D-8CD36E3A188C}.Debug|Any CPU.Build.0 = Debug|Any CPU
		{4D7FFBBE-7DB7-442B-A09D-8CD36E3A188C}.Release|Any CPU.ActiveCfg = Release|Any CPU
		{4D7FFBBE-7DB7-442B-A09D-8CD36E3A188C}.Release|Any CPU.Build.0 = Release|Any CPU
	EndGlobalSection
	GlobalSection(SolutionProperties) = preSolution
		HideSolutionNode = FALSE
	EndGlobalSection
	GlobalSection(ExtensibilityGlobals) = postSolution
		SolutionGuid = {003E3A5B-A83E-4BFD-9623-EA3D5575BEAD}
	EndGlobalSection
EndGlobal
