
Microsoft Visual Studio Solution File, Format Version 12.00
# Visual Studio Version 16
VisualStudioVersion = 16.0.32602.291
MinimumVisualStudioVersion = 10.0.40219.1
Project("{FAE04EC0-301F-11D3-BF4B-00C04F79EFBC}") = "Vi-Du-Struct", "Vi-Du-Struct\Vi-Du-Struct.csproj", "{B52D151F-4C7A-4195-AEBD-08C06FA82B92}"
EndProject
Global
	GlobalSection(SolutionConfigurationPlatforms) = preSolution
		Debug|Any CPU = Debug|Any CPU
		Release|Any CPU = Release|Any CPU
	EndGlobalSection
	GlobalSection(ProjectConfigurationPlatforms) = postSolution
		{B52D151F-4C7A-4195-AEBD-08C06FA82B92}.Debug|Any CPU.ActiveCfg = Debug|Any CPU
		{B52D151F-4C7A-4195-AEBD-08C06FA82B92}.Debug|Any CPU.Build.0 = Debug|Any CPU
		{B52D151F-4C7A-4195-AEBD-08C06FA82B92}.Release|Any CPU.ActiveCfg = Release|Any CPU
		{B52D151F-4C7A-4195-AEBD-08C06FA82B92}.Release|Any CPU.Build.0 = Release|Any CPU
	EndGlobalSection
	GlobalSection(SolutionProperties) = preSolution
		HideSolutionNode = FALSE
	EndGlobalSection
	GlobalSection(ExtensibilityGlobals) = postSolution
		SolutionGuid = {B5AA63F1-6295-4B13-BB4A-CE8FE50B89B2}
	EndGlobalSection
EndGlobal
