
Microsoft Visual Studio Solution File, Format Version 12.00
# Visual Studio Version 17
VisualStudioVersion = 17.8.34316.72
MinimumVisualStudioVersion = 10.0.40219.1
Project("{FAE04EC0-301F-11D3-BF4B-00C04F79EFBC}") = "Pratice", "Pratice\Pratice.csproj", "{AD73FBC8-FDF6-4BF3-89CF-B1BC794182A0}"
EndProject
Global
	GlobalSection(SolutionConfigurationPlatforms) = preSolution
		Debug|Any CPU = Debug|Any CPU
		Release|Any CPU = Release|Any CPU
	EndGlobalSection
	GlobalSection(ProjectConfigurationPlatforms) = postSolution
		{AD73FBC8-FDF6-4BF3-89CF-B1BC794182A0}.Debug|Any CPU.ActiveCfg = Debug|Any CPU
		{AD73FBC8-FDF6-4BF3-89CF-B1BC794182A0}.Debug|Any CPU.Build.0 = Debug|Any CPU
		{AD73FBC8-FDF6-4BF3-89CF-B1BC794182A0}.Release|Any CPU.ActiveCfg = Release|Any CPU
		{AD73FBC8-FDF6-4BF3-89CF-B1BC794182A0}.Release|Any CPU.Build.0 = Release|Any CPU
	EndGlobalSection
	GlobalSection(SolutionProperties) = preSolution
		HideSolutionNode = FALSE
	EndGlobalSection
	GlobalSection(ExtensibilityGlobals) = postSolution
		SolutionGuid = {7894499F-6BBD-40D5-B3D7-AFDE9E24483A}
	EndGlobalSection
EndGlobal
