
Microsoft Visual Studio Solution File, Format Version 12.00
# Visual Studio 15
VisualStudioVersion = 15.0.33423.255
MinimumVisualStudioVersion = 10.0.40219.1
Project("{FAE04EC0-301F-11D3-BF4B-00C04F79EFBC}") = "TextBlock_WPF", "TextBlock_WPF\TextBlock_WPF.csproj", "{F9F190B1-B2FF-4B53-BF2D-45E2DDC2F534}"
EndProject
Project("{FAE04EC0-301F-11D3-BF4B-00C04F79EFBC}") = "Button_WPF", "Button_WPF\Button_WPF.csproj", "{D14B750D-E183-4CFF-9FF4-8682BF1439FF}"
EndProject
Project("{FAE04EC0-301F-11D3-BF4B-00C04F79EFBC}") = "TextBox_WPF", "TextBox_WPF\TextBox_WPF.csproj", "{3C3B53C6-9225-4317-AE5C-EEC293A2FE43}"
EndProject
Project("{FAE04EC0-301F-11D3-BF4B-00C04F79EFBC}") = "Binding_WPF", "Binding_WPF\Binding_WPF.csproj", "{7BE773D2-E5E6-4891-AC1C-92F3D8AAEE26}"
EndProject
Project("{FAE04EC0-301F-11D3-BF4B-00C04F79EFBC}") = "Grid_WPF", "Grid_WPF\Grid_WPF.csproj", "{34D3FB1D-0549-401F-B578-192DCBB8CAB8}"
EndProject
Project("{FAE04EC0-301F-11D3-BF4B-00C04F79EFBC}") = "Margin-Padding_WPF", "Margin-Padding_WPF\Margin-Padding_WPF.csproj", "{96961190-E37A-424D-BA44-EECD77FAFC2B}"
EndProject
Project("{FAE04EC0-301F-11D3-BF4B-00C04F79EFBC}") = "Panel_WPF", "Panel_WPF\Panel_WPF.csproj", "{28BE93A8-8DC2-42C7-8060-3BA7EEE63C0A}"
EndProject
Project("{FAE04EC0-301F-11D3-BF4B-00C04F79EFBC}") = "Canvas_WPF", "Canvas_WPF\Canvas_WPF.csproj", "{77E000D9-9DF6-4D40-9E6A-A006B4970862}"
EndProject
Project("{FAE04EC0-301F-11D3-BF4B-00C04F79EFBC}") = "Border_WPF", "Border_WPF\Border_WPF.csproj", "{8C1127C1-30CC-4BF9-80A2-AF8EEFA27C16}"
EndProject
Project("{FAE04EC0-301F-11D3-BF4B-00C04F79EFBC}") = "SlideBar_WPF", "SlideBar_WPF\SlideBar_WPF.csproj", "{355701C3-FE4B-4A5F-BE3F-FC54F5170AF4}"
EndProject
Project("{FAE04EC0-301F-11D3-BF4B-00C04F79EFBC}") = "Image_WPF", "Image_WPF\Image_WPF.csproj", "{92C45A46-2951-4501-B757-5811776FAC98}"
EndProject
Project("{FAE04EC0-301F-11D3-BF4B-00C04F79EFBC}") = "Style_WPF", "Style_WPF\Style_WPF.csproj", "{076E91E8-5702-4AA3-9BF4-0759E26004A8}"
EndProject
Project("{FAE04EC0-301F-11D3-BF4B-00C04F79EFBC}") = "DataTemple_WPF", "DataTemple_WPF\DataTemple_WPF.csproj", "{51C53D0F-B909-4DBA-A279-52BF806D38E7}"
EndProject
Project("{FAE04EC0-301F-11D3-BF4B-00C04F79EFBC}") = "Combobox_WPF", "Combobox_WPF\Combobox_WPF.csproj", "{9FD2FA94-59CC-490F-8518-993D43D27A24}"
EndProject
Project("{FAE04EC0-301F-11D3-BF4B-00C04F79EFBC}") = "ListView_WPF", "ListView_WPF\ListView_WPF.csproj", "{881054A4-CF62-4C09-A5D9-C0FCF95DBA15}"
EndProject
Global
	GlobalSection(SolutionConfigurationPlatforms) = preSolution
		Debug|Any CPU = Debug|Any CPU
		Release|Any CPU = Release|Any CPU
	EndGlobalSection
	GlobalSection(ProjectConfigurationPlatforms) = postSolution
		{F9F190B1-B2FF-4B53-BF2D-45E2DDC2F534}.Debug|Any CPU.ActiveCfg = Debug|Any CPU
		{F9F190B1-B2FF-4B53-BF2D-45E2DDC2F534}.Debug|Any CPU.Build.0 = Debug|Any CPU
		{F9F190B1-B2FF-4B53-BF2D-45E2DDC2F534}.Release|Any CPU.ActiveCfg = Release|Any CPU
		{F9F190B1-B2FF-4B53-BF2D-45E2DDC2F534}.Release|Any CPU.Build.0 = Release|Any CPU
		{D14B750D-E183-4CFF-9FF4-8682BF1439FF}.Debug|Any CPU.ActiveCfg = Debug|Any CPU
		{D14B750D-E183-4CFF-9FF4-8682BF1439FF}.Debug|Any CPU.Build.0 = Debug|Any CPU
		{D14B750D-E183-4CFF-9FF4-8682BF1439FF}.Release|Any CPU.ActiveCfg = Release|Any CPU
		{D14B750D-E183-4CFF-9FF4-8682BF1439FF}.Release|Any CPU.Build.0 = Release|Any CPU
		{3C3B53C6-9225-4317-AE5C-EEC293A2FE43}.Debug|Any CPU.ActiveCfg = Debug|Any CPU
		{3C3B53C6-9225-4317-AE5C-EEC293A2FE43}.Debug|Any CPU.Build.0 = Debug|Any CPU
		{3C3B53C6-9225-4317-AE5C-EEC293A2FE43}.Release|Any CPU.ActiveCfg = Release|Any CPU
		{3C3B53C6-9225-4317-AE5C-EEC293A2FE43}.Release|Any CPU.Build.0 = Release|Any CPU
		{7BE773D2-E5E6-4891-AC1C-92F3D8AAEE26}.Debug|Any CPU.ActiveCfg = Debug|Any CPU
		{7BE773D2-E5E6-4891-AC1C-92F3D8AAEE26}.Debug|Any CPU.Build.0 = Debug|Any CPU
		{7BE773D2-E5E6-4891-AC1C-92F3D8AAEE26}.Release|Any CPU.ActiveCfg = Release|Any CPU
		{7BE773D2-E5E6-4891-AC1C-92F3D8AAEE26}.Release|Any CPU.Build.0 = Release|Any CPU
		{34D3FB1D-0549-401F-B578-192DCBB8CAB8}.Debug|Any CPU.ActiveCfg = Debug|Any CPU
		{34D3FB1D-0549-401F-B578-192DCBB8CAB8}.Debug|Any CPU.Build.0 = Debug|Any CPU
		{34D3FB1D-0549-401F-B578-192DCBB8CAB8}.Release|Any CPU.ActiveCfg = Release|Any CPU
		{34D3FB1D-0549-401F-B578-192DCBB8CAB8}.Release|Any CPU.Build.0 = Release|Any CPU
		{96961190-E37A-424D-BA44-EECD77FAFC2B}.Debug|Any CPU.ActiveCfg = Debug|Any CPU
		{96961190-E37A-424D-BA44-EECD77FAFC2B}.Debug|Any CPU.Build.0 = Debug|Any CPU
		{96961190-E37A-424D-BA44-EECD77FAFC2B}.Release|Any CPU.ActiveCfg = Release|Any CPU
		{96961190-E37A-424D-BA44-EECD77FAFC2B}.Release|Any CPU.Build.0 = Release|Any CPU
		{28BE93A8-8DC2-42C7-8060-3BA7EEE63C0A}.Debug|Any CPU.ActiveCfg = Debug|Any CPU
		{28BE93A8-8DC2-42C7-8060-3BA7EEE63C0A}.Debug|Any CPU.Build.0 = Debug|Any CPU
		{28BE93A8-8DC2-42C7-8060-3BA7EEE63C0A}.Release|Any CPU.ActiveCfg = Release|Any CPU
		{28BE93A8-8DC2-42C7-8060-3BA7EEE63C0A}.Release|Any CPU.Build.0 = Release|Any CPU
		{77E000D9-9DF6-4D40-9E6A-A006B4970862}.Debug|Any CPU.ActiveCfg = Debug|Any CPU
		{77E000D9-9DF6-4D40-9E6A-A006B4970862}.Debug|Any CPU.Build.0 = Debug|Any CPU
		{77E000D9-9DF6-4D40-9E6A-A006B4970862}.Release|Any CPU.ActiveCfg = Release|Any CPU
		{77E000D9-9DF6-4D40-9E6A-A006B4970862}.Release|Any CPU.Build.0 = Release|Any CPU
		{8C1127C1-30CC-4BF9-80A2-AF8EEFA27C16}.Debug|Any CPU.ActiveCfg = Debug|Any CPU
		{8C1127C1-30CC-4BF9-80A2-AF8EEFA27C16}.Debug|Any CPU.Build.0 = Debug|Any CPU
		{8C1127C1-30CC-4BF9-80A2-AF8EEFA27C16}.Release|Any CPU.ActiveCfg = Release|Any CPU
		{8C1127C1-30CC-4BF9-80A2-AF8EEFA27C16}.Release|Any CPU.Build.0 = Release|Any CPU
		{355701C3-FE4B-4A5F-BE3F-FC54F5170AF4}.Debug|Any CPU.ActiveCfg = Debug|Any CPU
		{355701C3-FE4B-4A5F-BE3F-FC54F5170AF4}.Debug|Any CPU.Build.0 = Debug|Any CPU
		{355701C3-FE4B-4A5F-BE3F-FC54F5170AF4}.Release|Any CPU.ActiveCfg = Release|Any CPU
		{355701C3-FE4B-4A5F-BE3F-FC54F5170AF4}.Release|Any CPU.Build.0 = Release|Any CPU
		{92C45A46-2951-4501-B757-5811776FAC98}.Debug|Any CPU.ActiveCfg = Debug|Any CPU
		{92C45A46-2951-4501-B757-5811776FAC98}.Debug|Any CPU.Build.0 = Debug|Any CPU
		{92C45A46-2951-4501-B757-5811776FAC98}.Release|Any CPU.ActiveCfg = Release|Any CPU
		{92C45A46-2951-4501-B757-5811776FAC98}.Release|Any CPU.Build.0 = Release|Any CPU
		{076E91E8-5702-4AA3-9BF4-0759E26004A8}.Debug|Any CPU.ActiveCfg = Debug|Any CPU
		{076E91E8-5702-4AA3-9BF4-0759E26004A8}.Debug|Any CPU.Build.0 = Debug|Any CPU
		{076E91E8-5702-4AA3-9BF4-0759E26004A8}.Release|Any CPU.ActiveCfg = Release|Any CPU
		{076E91E8-5702-4AA3-9BF4-0759E26004A8}.Release|Any CPU.Build.0 = Release|Any CPU
		{51C53D0F-B909-4DBA-A279-52BF806D38E7}.Debug|Any CPU.ActiveCfg = Debug|Any CPU
		{51C53D0F-B909-4DBA-A279-52BF806D38E7}.Debug|Any CPU.Build.0 = Debug|Any CPU
		{51C53D0F-B909-4DBA-A279-52BF806D38E7}.Release|Any CPU.ActiveCfg = Release|Any CPU
		{51C53D0F-B909-4DBA-A279-52BF806D38E7}.Release|Any CPU.Build.0 = Release|Any CPU
		{9FD2FA94-59CC-490F-8518-993D43D27A24}.Debug|Any CPU.ActiveCfg = Debug|Any CPU
		{9FD2FA94-59CC-490F-8518-993D43D27A24}.Debug|Any CPU.Build.0 = Debug|Any CPU
		{9FD2FA94-59CC-490F-8518-993D43D27A24}.Release|Any CPU.ActiveCfg = Release|Any CPU
		{9FD2FA94-59CC-490F-8518-993D43D27A24}.Release|Any CPU.Build.0 = Release|Any CPU
		{881054A4-CF62-4C09-A5D9-C0FCF95DBA15}.Debug|Any CPU.ActiveCfg = Debug|Any CPU
		{881054A4-CF62-4C09-A5D9-C0FCF95DBA15}.Debug|Any CPU.Build.0 = Debug|Any CPU
		{881054A4-CF62-4C09-A5D9-C0FCF95DBA15}.Release|Any CPU.ActiveCfg = Release|Any CPU
		{881054A4-CF62-4C09-A5D9-C0FCF95DBA15}.Release|Any CPU.Build.0 = Release|Any CPU
	EndGlobalSection
	GlobalSection(SolutionProperties) = preSolution
		HideSolutionNode = FALSE
	EndGlobalSection
	GlobalSection(ExtensibilityGlobals) = postSolution
		SolutionGuid = {6F4337A0-9D6D-4E44-A3AD-99864444EA74}
	EndGlobalSection
EndGlobal
